lockfileVersion: '9.0'

settings:
  autoInstallPeers: true
  excludeLinksFromLockfile: false

pnpmfileChecksum: sha256-cf+5r3ZWOJxzgXmKavdmLHG0t5CZ2JP04zWHTtIHtJo=

importers:

  .:
    dependencies:
      '@wailsio/runtime':
        specifier: latest
        version: 3.0.0-alpha.79

packages:

  '@wailsio/runtime@3.0.0-alpha.79':
    resolution: {integrity: sha512-NITzxKmJsMEruc39L166lbPJVECxzcbdqpHVqOOF7Cu/7Zqk/e3B/gNpkUjhNyo5rVb3V1wpS8oEgLUmpu1cwA==}

snapshots:

  '@wailsio/runtime@3.0.0-alpha.79': {}
